
Microsoft Visual Studio Solution File, Format Version 12.00
# Visual Studio 14
VisualStudioVersion = 14.0.22823.1
MinimumVisualStudioVersion = 10.0.40219.1
Project("{FAE04EC0-301F-11D3-BF4B-00C04F79EFBC}") = "SudokuSolverLib", "SudokuSolverLib\SudokuSolverLib.csproj", "{148063BF-E2CD-4F1C-ACC8-1F46ADE8E391}"
EndProject
Project("{FAE04EC0-301F-11D3-BF4B-00C04F79EFBC}") = "SudokuSolverLib.Tests", "SudokuSolverLib.Tests\SudokuSolverLib.Tests.csproj", "{2E3DF5C2-8A38-4A03-86D7-8D463C917E47}"
EndProject
Project("{FAE04EC0-301F-11D3-BF4B-00C04F79EFBC}") = "SudokuSolver.TestApp", "SudokuSolver.TestApp\SudokuSolver.TestApp.csproj", "{4CC408AB-A502-4D63-ACF3-3E44722434DA}"
EndProject
Project("{FAE04EC0-301F-11D3-BF4B-00C04F79EFBC}") = "SudokuSolver.Portable.Win81", "SudokuSolver.Portable.Win81\SudokuSolver.Portable.Win81.csproj", "{4212AE09-65DB-43DA-86B9-239D3EFE2ABA}"
EndProject
Global
	GlobalSection(SolutionConfigurationPlatforms) = preSolution
		Debug|Any CPU = Debug|Any CPU
		Debug|ARM = Debug|ARM
		Debug|x64 = Debug|x64
		Debug|x86 = Debug|x86
		Publish|Any CPU = Publish|Any CPU
		Publish|ARM = Publish|ARM
		Publish|x64 = Publish|x64
		Publish|x86 = Publish|x86
		Release|Any CPU = Release|Any CPU
		Release|ARM = Release|ARM
		Release|x64 = Release|x64
		Release|x86 = Release|x86
	EndGlobalSection
	GlobalSection(ProjectConfigurationPlatforms) = postSolution
		{148063BF-E2CD-4F1C-ACC8-1F46ADE8E391}.Debug|Any CPU.ActiveCfg = Debug|Any CPU
		{148063BF-E2CD-4F1C-ACC8-1F46ADE8E391}.Debug|Any CPU.Build.0 = Debug|Any CPU
		{148063BF-E2CD-4F1C-ACC8-1F46ADE8E391}.Debug|ARM.ActiveCfg = Debug|Any CPU
		{148063BF-E2CD-4F1C-ACC8-1F46ADE8E391}.Debug|ARM.Build.0 = Debug|Any CPU
		{148063BF-E2CD-4F1C-ACC8-1F46ADE8E391}.Debug|x64.ActiveCfg = Debug|Any CPU
		{148063BF-E2CD-4F1C-ACC8-1F46ADE8E391}.Debug|x64.Build.0 = Debug|Any CPU
		{148063BF-E2CD-4F1C-ACC8-1F46ADE8E391}.Debug|x86.ActiveCfg = Debug|Any CPU
		{148063BF-E2CD-4F1C-ACC8-1F46ADE8E391}.Debug|x86.Build.0 = Debug|Any CPU
		{148063BF-E2CD-4F1C-ACC8-1F46ADE8E391}.Publish|Any CPU.ActiveCfg = Publish|Any CPU
		{148063BF-E2CD-4F1C-ACC8-1F46ADE8E391}.Publish|Any CPU.Build.0 = Publish|Any CPU
		{148063BF-E2CD-4F1C-ACC8-1F46ADE8E391}.Publish|ARM.ActiveCfg = Publish|Any CPU
		{148063BF-E2CD-4F1C-ACC8-1F46ADE8E391}.Publish|ARM.Build.0 = Publish|Any CPU
		{148063BF-E2CD-4F1C-ACC8-1F46ADE8E391}.Publish|x64.ActiveCfg = Publish|Any CPU
		{148063BF-E2CD-4F1C-ACC8-1F46ADE8E391}.Publish|x64.Build.0 = Publish|Any CPU
		{148063BF-E2CD-4F1C-ACC8-1F46ADE8E391}.Publish|x86.ActiveCfg = Publish|Any CPU
		{148063BF-E2CD-4F1C-ACC8-1F46ADE8E391}.Publish|x86.Build.0 = Publish|Any CPU
		{148063BF-E2CD-4F1C-ACC8-1F46ADE8E391}.Release|Any CPU.ActiveCfg = Release|Any CPU
		{148063BF-E2CD-4F1C-ACC8-1F46ADE8E391}.Release|Any CPU.Build.0 = Release|Any CPU
		{148063BF-E2CD-4F1C-ACC8-1F46ADE8E391}.Release|ARM.ActiveCfg = Release|Any CPU
		{148063BF-E2CD-4F1C-ACC8-1F46ADE8E391}.Release|ARM.Build.0 = Release|Any CPU
		{148063BF-E2CD-4F1C-ACC8-1F46ADE8E391}.Release|x64.ActiveCfg = Release|Any CPU
		{148063BF-E2CD-4F1C-ACC8-1F46ADE8E391}.Release|x64.Build.0 = Release|Any CPU
		{148063BF-E2CD-4F1C-ACC8-1F46ADE8E391}.Release|x86.ActiveCfg = Release|Any CPU
		{148063BF-E2CD-4F1C-ACC8-1F46ADE8E391}.Release|x86.Build.0 = Release|Any CPU
		{2E3DF5C2-8A38-4A03-86D7-8D463C917E47}.Debug|Any CPU.ActiveCfg = Debug|Any CPU
		{2E3DF5C2-8A38-4A03-86D7-8D463C917E47}.Debug|Any CPU.Build.0 = Debug|Any CPU
		{2E3DF5C2-8A38-4A03-86D7-8D463C917E47}.Debug|ARM.ActiveCfg = Debug|Any CPU
		{2E3DF5C2-8A38-4A03-86D7-8D463C917E47}.Debug|ARM.Build.0 = Debug|Any CPU
		{2E3DF5C2-8A38-4A03-86D7-8D463C917E47}.Debug|x64.ActiveCfg = Debug|Any CPU
		{2E3DF5C2-8A38-4A03-86D7-8D463C917E47}.Debug|x64.Build.0 = Debug|Any CPU
		{2E3DF5C2-8A38-4A03-86D7-8D463C917E47}.Debug|x86.ActiveCfg = Debug|Any CPU
		{2E3DF5C2-8A38-4A03-86D7-8D463C917E47}.Debug|x86.Build.0 = Debug|Any CPU
		{2E3DF5C2-8A38-4A03-86D7-8D463C917E47}.Publish|Any CPU.ActiveCfg = Publish|Any CPU
		{2E3DF5C2-8A38-4A03-86D7-8D463C917E47}.Publish|Any CPU.Build.0 = Publish|Any CPU
		{2E3DF5C2-8A38-4A03-86D7-8D463C917E47}.Publish|ARM.ActiveCfg = Publish|Any CPU
		{2E3DF5C2-8A38-4A03-86D7-8D463C917E47}.Publish|ARM.Build.0 = Publish|Any CPU
		{2E3DF5C2-8A38-4A03-86D7-8D463C917E47}.Publish|x64.ActiveCfg = Publish|Any CPU
		{2E3DF5C2-8A38-4A03-86D7-8D463C917E47}.Publish|x64.Build.0 = Publish|Any CPU
		{2E3DF5C2-8A38-4A03-86D7-8D463C917E47}.Publish|x86.ActiveCfg = Publish|Any CPU
		{2E3DF5C2-8A38-4A03-86D7-8D463C917E47}.Publish|x86.Build.0 = Publish|Any CPU
		{2E3DF5C2-8A38-4A03-86D7-8D463C917E47}.Release|Any CPU.ActiveCfg = Release|Any CPU
		{2E3DF5C2-8A38-4A03-86D7-8D463C917E47}.Release|Any CPU.Build.0 = Release|Any CPU
		{2E3DF5C2-8A38-4A03-86D7-8D463C917E47}.Release|ARM.ActiveCfg = Release|Any CPU
		{2E3DF5C2-8A38-4A03-86D7-8D463C917E47}.Release|ARM.Build.0 = Release|Any CPU
		{2E3DF5C2-8A38-4A03-86D7-8D463C917E47}.Release|x64.ActiveCfg = Release|Any CPU
		{2E3DF5C2-8A38-4A03-86D7-8D463C917E47}.Release|x64.Build.0 = Release|Any CPU
		{2E3DF5C2-8A38-4A03-86D7-8D463C917E47}.Release|x86.ActiveCfg = Release|Any CPU
		{2E3DF5C2-8A38-4A03-86D7-8D463C917E47}.Release|x86.Build.0 = Release|Any CPU
		{4CC408AB-A502-4D63-ACF3-3E44722434DA}.Debug|Any CPU.ActiveCfg = Debug|Any CPU
		{4CC408AB-A502-4D63-ACF3-3E44722434DA}.Debug|Any CPU.Build.0 = Debug|Any CPU
		{4CC408AB-A502-4D63-ACF3-3E44722434DA}.Debug|ARM.ActiveCfg = Debug|Any CPU
		{4CC408AB-A502-4D63-ACF3-3E44722434DA}.Debug|ARM.Build.0 = Debug|Any CPU
		{4CC408AB-A502-4D63-ACF3-3E44722434DA}.Debug|x64.ActiveCfg = Debug|Any CPU
		{4CC408AB-A502-4D63-ACF3-3E44722434DA}.Debug|x64.Build.0 = Debug|Any CPU
		{4CC408AB-A502-4D63-ACF3-3E44722434DA}.Debug|x86.ActiveCfg = Debug|Any CPU
		{4CC408AB-A502-4D63-ACF3-3E44722434DA}.Debug|x86.Build.0 = Debug|Any CPU
		{4CC408AB-A502-4D63-ACF3-3E44722434DA}.Publish|Any CPU.ActiveCfg = Publish|Any CPU
		{4CC408AB-A502-4D63-ACF3-3E44722434DA}.Publish|Any CPU.Build.0 = Publish|Any CPU
		{4CC408AB-A502-4D63-ACF3-3E44722434DA}.Publish|ARM.ActiveCfg = Publish|Any CPU
		{4CC408AB-A502-4D63-ACF3-3E44722434DA}.Publish|ARM.Build.0 = Publish|Any CPU
		{4CC408AB-A502-4D63-ACF3-3E44722434DA}.Publish|x64.ActiveCfg = Publish|Any CPU
		{4CC408AB-A502-4D63-ACF3-3E44722434DA}.Publish|x64.Build.0 = Publish|Any CPU
		{4CC408AB-A502-4D63-ACF3-3E44722434DA}.Publish|x86.ActiveCfg = Publish|Any CPU
		{4CC408AB-A502-4D63-ACF3-3E44722434DA}.Publish|x86.Build.0 = Publish|Any CPU
		{4CC408AB-A502-4D63-ACF3-3E44722434DA}.Release|Any CPU.ActiveCfg = Release|Any CPU
		{4CC408AB-A502-4D63-ACF3-3E44722434DA}.Release|Any CPU.Build.0 = Release|Any CPU
		{4CC408AB-A502-4D63-ACF3-3E44722434DA}.Release|ARM.ActiveCfg = Release|Any CPU
		{4CC408AB-A502-4D63-ACF3-3E44722434DA}.Release|ARM.Build.0 = Release|Any CPU
		{4CC408AB-A502-4D63-ACF3-3E44722434DA}.Release|x64.ActiveCfg = Release|Any CPU
		{4CC408AB-A502-4D63-ACF3-3E44722434DA}.Release|x64.Build.0 = Release|Any CPU
		{4CC408AB-A502-4D63-ACF3-3E44722434DA}.Release|x86.ActiveCfg = Release|Any CPU
		{4CC408AB-A502-4D63-ACF3-3E44722434DA}.Release|x86.Build.0 = Release|Any CPU
		{4212AE09-65DB-43DA-86B9-239D3EFE2ABA}.Debug|Any CPU.ActiveCfg = Debug|Any CPU
		{4212AE09-65DB-43DA-86B9-239D3EFE2ABA}.Debug|Any CPU.Build.0 = Debug|Any CPU
		{4212AE09-65DB-43DA-86B9-239D3EFE2ABA}.Debug|ARM.ActiveCfg = Debug|Any CPU
		{4212AE09-65DB-43DA-86B9-239D3EFE2ABA}.Debug|ARM.Build.0 = Debug|Any CPU
		{4212AE09-65DB-43DA-86B9-239D3EFE2ABA}.Debug|x64.ActiveCfg = Debug|Any CPU
		{4212AE09-65DB-43DA-86B9-239D3EFE2ABA}.Debug|x64.Build.0 = Debug|Any CPU
		{4212AE09-65DB-43DA-86B9-239D3EFE2ABA}.Debug|x86.ActiveCfg = Debug|Any CPU
		{4212AE09-65DB-43DA-86B9-239D3EFE2ABA}.Debug|x86.Build.0 = Debug|Any CPU
		{4212AE09-65DB-43DA-86B9-239D3EFE2ABA}.Publish|Any CPU.ActiveCfg = Release|Any CPU
		{4212AE09-65DB-43DA-86B9-239D3EFE2ABA}.Publish|Any CPU.Build.0 = Release|Any CPU
		{4212AE09-65DB-43DA-86B9-239D3EFE2ABA}.Publish|ARM.ActiveCfg = Release|Any CPU
		{4212AE09-65DB-43DA-86B9-239D3EFE2ABA}.Publish|ARM.Build.0 = Release|Any CPU
		{4212AE09-65DB-43DA-86B9-239D3EFE2ABA}.Publish|x64.ActiveCfg = Release|Any CPU
		{4212AE09-65DB-43DA-86B9-239D3EFE2ABA}.Publish|x64.Build.0 = Release|Any CPU
		{4212AE09-65DB-43DA-86B9-239D3EFE2ABA}.Publish|x86.ActiveCfg = Release|Any CPU
		{4212AE09-65DB-43DA-86B9-239D3EFE2ABA}.Publish|x86.Build.0 = Release|Any CPU
		{4212AE09-65DB-43DA-86B9-239D3EFE2ABA}.Release|Any CPU.ActiveCfg = Release|Any CPU
		{4212AE09-65DB-43DA-86B9-239D3EFE2ABA}.Release|Any CPU.Build.0 = Release|Any CPU
		{4212AE09-65DB-43DA-86B9-239D3EFE2ABA}.Release|ARM.ActiveCfg = Release|Any CPU
		{4212AE09-65DB-43DA-86B9-239D3EFE2ABA}.Release|ARM.Build.0 = Release|Any CPU
		{4212AE09-65DB-43DA-86B9-239D3EFE2ABA}.Release|x64.ActiveCfg = Release|Any CPU
		{4212AE09-65DB-43DA-86B9-239D3EFE2ABA}.Release|x64.Build.0 = Release|Any CPU
		{4212AE09-65DB-43DA-86B9-239D3EFE2ABA}.Release|x86.ActiveCfg = Release|Any CPU
		{4212AE09-65DB-43DA-86B9-239D3EFE2ABA}.Release|x86.Build.0 = Release|Any CPU
	EndGlobalSection
	GlobalSection(SolutionProperties) = preSolution
		HideSolutionNode = FALSE
	EndGlobalSection
EndGlobal
